
Microsoft Visual Studio Solution File, Format Version 12.00
# Visual Studio Version 17
VisualStudioVersion = 17.11.35222.181
MinimumVisualStudioVersion = 10.0.40219.1
Project("{FAE04EC0-301F-11D3-BF4B-00C04F79EFBC}") = "Admin Login Form2", "Admin Login Form2\Admin Login Form2.csproj", "{420F862C-C939-483C-B4B8-DA52CA2700F6}"
EndProject
Global
	GlobalSection(SolutionConfigurationPlatforms) = preSolution
		Debug|Any CPU = Debug|Any CPU
		Release|Any CPU = Release|Any CPU
	EndGlobalSection
	GlobalSection(ProjectConfigurationPlatforms) = postSolution
		{420F862C-C939-483C-B4B8-DA52CA2700F6}.Debug|Any CPU.ActiveCfg = Debug|Any CPU
		{420F862C-C939-483C-B4B8-DA52CA2700F6}.Debug|Any CPU.Build.0 = Debug|Any CPU
		{420F862C-C939-483C-B4B8-DA52CA2700F6}.Release|Any CPU.ActiveCfg = Release|Any CPU
		{420F862C-C939-483C-B4B8-DA52CA2700F6}.Release|Any CPU.Build.0 = Release|Any CPU
	EndGlobalSection
	GlobalSection(SolutionProperties) = preSolution
		HideSolutionNode = FALSE
	EndGlobalSection
	GlobalSection(ExtensibilityGlobals) = postSolution
		SolutionGuid = {EA4F6157-FC7D-4C7C-980D-51EFB5153A2F}
	EndGlobalSection
EndGlobal
